// !$*UTF8*$!
{
	archiveVersion = 1;
	classes = {
	};
	objectVersion = 46;
	objects = {

/* Begin PBXBuildFile section */
		52B964101E9CDF3E001F35BE /* main.cpp in Sources */ = {isa = PBXBuildFile; fileRef = 52B9640F1E9CDF3E001F35BE /* main.cpp */; };
		52B964181E9CDFA9001F35BE /* libopencv_highgui.2.4.13.dylib in Frameworks */ = {isa = PBXBuildFile; fileRef = 52B964171E9CDFA9001F35BE /* libopencv_highgui.2.4.13.dylib */; };
		52B9641A1E9CDFD5001F35BE /* libopencv_core.2.4.13.dylib in Frameworks */ = {isa = PBXBuildFile; fileRef = 52B964191E9CDFD5001F35BE /* libopencv_core.2.4.13.dylib */; };
		52B9641C1E9CE02B001F35BE /* libopencv_imgproc.2.4.13.dylib in Frameworks */ = {isa = PBXBuildFile; fileRef = 52B9641B1E9CE02B001F35BE /* libopencv_imgproc.2.4.13.dylib */; };
/* End PBXBuildFile section */

/* Begin PBXCopyFilesBuildPhase section */
		52B9640A1E9CDF3E001F35BE /* CopyFiles */ = {
			isa = PBXCopyFilesBuildPhase;
			buildActionMask = 2147483647;
			dstPath = /usr/share/man/man1/;
			dstSubfolderSpec = 0;
			files = (
			);
			runOnlyForDeploymentPostprocessing = 1;
		};
/* End PBXCopyFilesBuildPhase section */

/* Begin PBXFileReference section */
		52B9640C1E9CDF3E001F35BE /* Final_Program */ = {isa = PBXFileReference; explicitFileType = "compiled.mach-o.executable"; includeInIndex = 0; path = Final_Program; sourceTree = BUILT_PRODUCTS_DIR; };
		52B9640F1E9CDF3E001F35BE /* main.cpp */ = {isa = PBXFileReference; lastKnownFileType = sourcecode.cpp.cpp; path = main.cpp; sourceTree = "<group>"; };
		52B964171E9CDFA9001F35BE /* libopencv_highgui.2.4.13.dylib */ = {isa = PBXFileReference; lastKnownFileType = "compiled.mach-o.dylib"; name = libopencv_highgui.2.4.13.dylib; path = ../../../../../../../usr/local/lib/libopencv_highgui.2.4.13.dylib; sourceTree = "<group>"; };
		52B964191E9CDFD5001F35BE /* libopencv_core.2.4.13.dylib */ = {isa = PBXFileReference; lastKnownFileType = "compiled.mach-o.dylib"; name = libopencv_core.2.4.13.dylib; path = ../../../../../../../usr/local/lib/libopencv_core.2.4.13.dylib; sourceTree = "<group>"; };
		52B9641B1E9CE02B001F35BE /* libopencv_imgproc.2.4.13.dylib */ = {isa = PBXFileReference; lastKnownFileType = "compiled.mach-o.dylib"; name = libopencv_imgproc.2.4.13.dylib; path = ../../../../../../../usr/local/lib/libopencv_imgproc.2.4.13.dylib; sourceTree = "<group>"; };
/* End PBXFileReference section */

/* Begin PBXFrameworksBuildPhase section */
		52B964091E9CDF3E001F35BE /* Frameworks */ = {
			isa = PBXFrameworksBuildPhase;
			buildActionMask = 2147483647;
			files = (
				52B964181E9CDFA9001F35BE /* libopencv_highgui.2.4.13.dylib in Frameworks */,
				52B9641C1E9CE02B001F35BE /* libopencv_imgproc.2.4.13.dylib in Frameworks */,
				52B9641A1E9CDFD5001F35BE /* libopencv_core.2.4.13.dylib in Frameworks */,
			);
			runOnlyForDeploymentPostprocessing = 0;
		};
/* End PBXFrameworksBuildPhase section */

/* Begin PBXGroup section */
		52B964031E9CDF3E001F35BE = {
			isa = PBXGroup;
			children = (
				52B964161E9CDF84001F35BE /* OpenCV */,
				52B9640E1E9CDF3E001F35BE /* Final_Program */,
				52B9640D1E9CDF3E001F35BE /* Products */,
			);
			sourceTree = "<group>";
		};
		52B9640D1E9CDF3E001F35BE /* Products */ = {
			isa = PBXGroup;
			children = (
				52B9640C1E9CDF3E001F35BE /* Final_Program */,
			);
			name = Products;
			sourceTree = "<group>";
		};
		52B9640E1E9CDF3E001F35BE /* Final_Program */ = {
			isa = PBXGroup;
			children = (
				52B9640F1E9CDF3E001F35BE /* main.cpp */,
			);
			path = Final_Program;
			sourceTree = "<group>";
		};
		52B964161E9CDF84001F35BE /* OpenCV */ = {
			isa = PBXGroup;
			children = (
				52B9641B1E9CE02B001F35BE /* libopencv_imgproc.2.4.13.dylib */,
				52B964191E9CDFD5001F35BE /* libopencv_core.2.4.13.dylib */,
				52B964171E9CDFA9001F35BE /* libopencv_highgui.2.4.13.dylib */,
			);
			name = OpenCV;
			sourceTree = "<group>";
		};
/* End PBXGroup section */

/* Begin PBXNativeTarget section */
		52B9640B1E9CDF3E001F35BE /* Final_Program */ = {
			isa = PBXNativeTarget;
			buildConfigurationList = 52B964131E9CDF3E001F35BE /* Build configuration list for PBXNativeTarget "Final_Program" */;
			buildPhases = (
				52B964081E9CDF3E001F35BE /* Sources */,
				52B964091E9CDF3E001F35BE /* Frameworks */,
				52B9640A1E9CDF3E001F35BE /* CopyFiles */,
			);
			buildRules = (
			);
			dependencies = (
			);
			name = Final_Program;
			productName = Final_Program;
			productReference = 52B9640C1E9CDF3E001F35BE /* Final_Program */;
			productType = "com.apple.product-type.tool";
		};
/* End PBXNativeTarget section */

/* Begin PBXProject section */
		52B964041E9CDF3E001F35BE /* Project object */ = {
			isa = PBXProject;
			attributes = {
				LastUpgradeCheck = 0830;
				ORGANIZATIONNAME = "john napier";
				TargetAttributes = {
					52B9640B1E9CDF3E001F35BE = {
						CreatedOnToolsVersion = 8.3;
						ProvisioningStyle = Automatic;
					};
				};
			};
			buildConfigurationList = 52B964071E9CDF3E001F35BE /* Build configuration list for PBXProject "Final_Program" */;
			compatibilityVersion = "Xcode 3.2";
			developmentRegion = English;
			hasScannedForEncodings = 0;
			knownRegions = (
				en,
			);
			mainGroup = 52B964031E9CDF3E001F35BE;
			productRefGroup = 52B9640D1E9CDF3E001F35BE /* Products */;
			projectDirPath = "";
			projectRoot = "";
			targets = (
				52B9640B1E9CDF3E001F35BE /* Final_Program */,
			);
		};
/* End PBXProject section */

/* Begin PBXSourcesBuildPhase section */
		52B964081E9CDF3E001F35BE /* Sources */ = {
			isa = PBXSourcesBuildPhase;
			buildActionMask = 2147483647;
			files = (
				52B964101E9CDF3E001F35BE /* main.cpp in Sources */,
			);
			runOnlyForDeploymentPostprocessing = 0;
		};
/* End PBXSourcesBuildPhase section */

/* Begin XCBuildConfiguration section */
		52B964111E9CDF3E001F35BE /* Debug */ = {
			isa = XCBuildConfiguration;
			buildSettings = {
				ALWAYS_SEARCH_USER_PATHS = NO;
				CLANG_ANALYZER_NONNULL = YES;
				CLANG_ANALYZER_NUMBER_OBJECT_CONVERSION = YES_AGGRESSIVE;
				CLANG_CXX_LANGUAGE_STANDARD = "gnu++0x";
				CLANG_CXX_LIBRARY = "libc++";
				CLANG_ENABLE_MODULES = YES;
				CLANG_ENABLE_OBJC_ARC = YES;
				CLANG_WARN_BOOL_CONVERSION = YES;
				CLANG_WARN_CONSTANT_CONVERSION = YES;
				CLANG_WARN_DIRECT_OBJC_ISA_USAGE = YES_ERROR;
				CLANG_WARN_DOCUMENTATION_COMMENTS = YES;
				CLANG_WARN_EMPTY_BODY = YES;
				CLANG_WARN_ENUM_CONVERSION = YES;
				CLANG_WARN_INFINITE_RECURSION = YES;
				CLANG_WARN_INT_CONVERSION = YES;
				CLANG_WARN_OBJC_ROOT_CLASS = YES_ERROR;
				CLANG_WARN_SUSPICIOUS_MOVE = YES;
				CLANG_WARN_UNREACHABLE_CODE = YES;
				CLANG_WARN__DUPLICATE_METHOD_MATCH = YES;
				CODE_SIGN_IDENTITY = "-";
				COPY_PHASE_STRIP = NO;
				DEBUG_INFORMATION_FORMAT = dwarf;
				ENABLE_STRICT_OBJC_MSGSEND = YES;
				ENABLE_TESTABILITY = YES;
				GCC_C_LANGUAGE_STANDARD = gnu99;
				GCC_DYNAMIC_NO_PIC = NO;
				GCC_NO_COMMON_BLOCKS = YES;
				GCC_OPTIMIZATION_LEVEL = 0;
				GCC_PREPROCESSOR_DEFINITIONS = (
					"DEBUG=1",
					"$(inherited)",
				);
				GCC_WARN_64_TO_32_BIT_CONVERSION = YES;
				GCC_WARN_ABOUT_RETURN_TYPE = YES_ERROR;
				GCC_WARN_UNDECLARED_SELECTOR = YES;
				GCC_WARN_UNINITIALIZED_AUTOS = YES_AGGRESSIVE;
				GCC_WARN_UNUSED_FUNCTION = YES;
				GCC_WARN_UNUSED_VARIABLE = YES;
				MACOSX_DEPLOYMENT_TARGET = 10.12;
				MTL_ENABLE_DEBUG_INFO = YES;
				ONLY_ACTIVE_ARCH = YES;
				SDKROOT = macosx;
			};
			name = Debug;
		};
		52B964121E9CDF3E001F35BE /* Release */ = {
			isa = XCBuildConfiguration;
			buildSettings = {
				ALWAYS_SEARCH_USER_PATHS = NO;
				CLANG_ANALYZER_NONNULL = YES;
				CLANG_ANALYZER_NUMBER_OBJECT_CONVERSION = YES_AGGRESSIVE;
				CLANG_CXX_LANGUAGE_STANDARD = "gnu++0x";
				CLANG_CXX_LIBRARY = "libc++";
				CLANG_ENABLE_MODULES = YES;
				CLANG_ENABLE_OBJC_ARC = YES;
				CLANG_WARN_BOOL_CONVERSION = YES;
				CLANG_WARN_CONSTANT_CONVERSION = YES;
				CLANG_WARN_DIRECT_OBJC_ISA_USAGE = YES_ERROR;
				CLANG_WARN_DOCUMENTATION_COMMENTS = YES;
				CLANG_WARN_EMPTY_BODY = YES;
				CLANG_WARN_ENUM_CONVERSION = YES;
				CLANG_WARN_INFINITE_RECURSION = YES;
				CLANG_WARN_INT_CONVERSION = YES;
				CLANG_WARN_OBJC_ROOT_CLASS = YES_ERROR;
				CLANG_WARN_SUSPICIOUS_MOVE = YES;
				CLANG_WARN_UNREACHABLE_CODE = YES;
				CLANG_WARN__DUPLICATE_METHOD_MATCH = YES;
				CODE_SIGN_IDENTITY = "-";
				COPY_PHASE_STRIP = NO;
				DEBUG_INFORMATION_FORMAT = "dwarf-with-dsym";
				ENABLE_NS_ASSERTIONS = NO;
				ENABLE_STRICT_OBJC_MSGSEND = YES;
				GCC_C_LANGUAGE_STANDARD = gnu99;
				GCC_NO_COMMON_BLOCKS = YES;
				GCC_WARN_64_TO_32_BIT_CONVERSION = YES;
				GCC_WARN_ABOUT_RETURN_TYPE = YES_ERROR;
				GCC_WARN_UNDECLARED_SELECTOR = YES;
				GCC_WARN_UNINITIALIZED_AUTOS = YES_AGGRESSIVE;
				GCC_WARN_UNUSED_FUNCTION = YES;
				GCC_WARN_UNUSED_VARIABLE = YES;
				MACOSX_DEPLOYMENT_TARGET = 10.12;
				MTL_ENABLE_DEBUG_INFO = NO;
				SDKROOT = macosx;
			};
			name = Release;
		};
		52B964141E9CDF3E001F35BE /* Debug */ = {
			isa = XCBuildConfiguration;
			buildSettings = {
				HEADER_SEARCH_PATHS = /usr/local/include;
				LIBRARY_SEARCH_PATHS = /usr/local/lib;
				PRODUCT_NAME = "$(TARGET_NAME)";
			};
			name = Debug;
		};
		52B964151E9CDF3E001F35BE /* Release */ = {
			isa = XCBuildConfiguration;
			buildSettings = {
				HEADER_SEARCH_PATHS = /usr/local/include;
				LIBRARY_SEARCH_PATHS = /usr/local/lib;
				PRODUCT_NAME = "$(TARGET_NAME)";
			};
			name = Release;
		};
/* End XCBuildConfiguration section */

/* Begin XCConfigurationList section */
		52B964071E9CDF3E001F35BE /* Build configuration list for PBXProject "Final_Program" */ = {
			isa = XCConfigurationList;
			buildConfigurations = (
				52B964111E9CDF3E001F35BE /* Debug */,
				52B964121E9CDF3E001F35BE /* Release */,
			);
			defaultConfigurationIsVisible = 0;
			defaultConfigurationName = Release;
		};
		52B964131E9CDF3E001F35BE /* Build configuration list for PBXNativeTarget "Final_Program" */ = {
			isa = XCConfigurationList;
			buildConfigurations = (
				52B964141E9CDF3E001F35BE /* Debug */,
				52B964151E9CDF3E001F35BE /* Release */,
			);
			defaultConfigurationIsVisible = 0;
		};
/* End XCConfigurationList section */
	};
	rootObject = 52B964041E9CDF3E001F35BE /* Project object */;
}
